
Microsoft Visual Studio Solution File, Format Version 12.00
# Visual Studio Version 17
VisualStudioVersion = 17.11.35312.102
MinimumVisualStudioVersion = 10.0.40219.1
Project("{9A19103F-16F7-4668-BE54-9A1E7A4F7556}") = "AM.UI.Console", "AM.UI.Console\AM.UI.Console.csproj", "{B7A46D90-4A94-46F5-BBF8-683D5FB89039}"
EndProject
Project("{9A19103F-16F7-4668-BE54-9A1E7A4F7556}") = "AM.ApplicationCore", "AM.ApplicationCore\AM.ApplicationCore.csproj", "{4B0888A7-E9D9-4060-8C3D-548E4B3755A6}"
EndProject
Project("{FAE04EC0-301F-11D3-BF4B-00C04F79EFBC}") = "AM.Infrastructure", "AM.Infrastructure\AM.Infrastructure.csproj", "{5105D38F-6AD6-4D79-9BA6-6733D2AD9E63}"
EndProject
Global
	GlobalSection(SolutionConfigurationPlatforms) = preSolution
		Debug|Any CPU = Debug|Any CPU
		Release|Any CPU = Release|Any CPU
	EndGlobalSection
	GlobalSection(ProjectConfigurationPlatforms) = postSolution
		{B7A46D90-4A94-46F5-BBF8-683D5FB89039}.Debug|Any CPU.ActiveCfg = Debug|Any CPU
		{B7A46D90-4A94-46F5-BBF8-683D5FB89039}.Debug|Any CPU.Build.0 = Debug|Any CPU
		{B7A46D90-4A94-46F5-BBF8-683D5FB89039}.Release|Any CPU.ActiveCfg = Release|Any CPU
		{B7A46D90-4A94-46F5-BBF8-683D5FB89039}.Release|Any CPU.Build.0 = Release|Any CPU
		{4B0888A7-E9D9-4060-8C3D-548E4B3755A6}.Debug|Any CPU.ActiveCfg = Debug|Any CPU
		{4B0888A7-E9D9-4060-8C3D-548E4B3755A6}.Debug|Any CPU.Build.0 = Debug|Any CPU
		{4B0888A7-E9D9-4060-8C3D-548E4B3755A6}.Release|Any CPU.ActiveCfg = Release|Any CPU
		{4B0888A7-E9D9-4060-8C3D-548E4B3755A6}.Release|Any CPU.Build.0 = Release|Any CPU
		{5105D38F-6AD6-4D79-9BA6-6733D2AD9E63}.Debug|Any CPU.ActiveCfg = Debug|Any CPU
		{5105D38F-6AD6-4D79-9BA6-6733D2AD9E63}.Debug|Any CPU.Build.0 = Debug|Any CPU
		{5105D38F-6AD6-4D79-9BA6-6733D2AD9E63}.Release|Any CPU.ActiveCfg = Release|Any CPU
		{5105D38F-6AD6-4D79-9BA6-6733D2AD9E63}.Release|Any CPU.Build.0 = Release|Any CPU
	EndGlobalSection
	GlobalSection(SolutionProperties) = preSolution
		HideSolutionNode = FALSE
	EndGlobalSection
	GlobalSection(ExtensibilityGlobals) = postSolution
		SolutionGuid = {F79357D0-7AB2-4A0D-BB7A-40BCE2C760C7}
	EndGlobalSection
EndGlobal
